// !$*UTF8*$!
{
	archiveVersion = 1;
	classes = {
	};
	objectVersion = 50;
	objects = {

/* Begin PBXBuildFile section */
		EF44F1B62308AF7400EE00CC /* Cell.swift in Sources */ = {isa = PBXBuildFile; fileRef = EF44F1B52308AF7400EE00CC /* Cell.swift */; };
		EF4787EA2312E59100307E3F /* FreindCell.swift in Sources */ = {isa = PBXBuildFile; fileRef = EF4787E82312E59100307E3F /* FreindCell.swift */; };
		EF4787EB2312E59100307E3F /* FreindCell.xib in Resources */ = {isa = PBXBuildFile; fileRef = EF4787E92312E59100307E3F /* FreindCell.xib */; };
		EF7E12D82309C3EC0038F549 /* AddedFreindsTabelVC.swift in Sources */ = {isa = PBXBuildFile; fileRef = EF7E12D72309C3EC0038F549 /* AddedFreindsTabelVC.swift */; };
		EF7E12DA2309C4050038F549 /* AddedCell.swift in Sources */ = {isa = PBXBuildFile; fileRef = EF7E12D92309C4050038F549 /* AddedCell.swift */; };
		EF834CC52304BFC100FBC3AA /* Model.swift in Sources */ = {isa = PBXBuildFile; fileRef = EF834CC42304BFC100FBC3AA /* Model.swift */; };
		EF834CC92305877000FBC3AA /* CollectionViewControllerFromMoreVC.swift in Sources */ = {isa = PBXBuildFile; fileRef = EF834CC82305877000FBC3AA /* CollectionViewControllerFromMoreVC.swift */; };
		EF87568F23074F7500187B23 /* SettingsCollectionVC.swift in Sources */ = {isa = PBXBuildFile; fileRef = EF87568E23074F7500187B23 /* SettingsCollectionVC.swift */; };
		EF875694230763A900187B23 /* SettingsCell.swift in Sources */ = {isa = PBXBuildFile; fileRef = EF875693230763A900187B23 /* SettingsCell.swift */; };
		EFA6C87123061B9000768E64 /* BackgroundGradient.swift in Sources */ = {isa = PBXBuildFile; fileRef = EFA6C87023061B9000768E64 /* BackgroundGradient.swift */; };
		EFB31893230AA62B001F2464 /* Account.swift in Sources */ = {isa = PBXBuildFile; fileRef = EFB31892230AA62B001F2464 /* Account.swift */; };
		EFBFFC142303452E0068FBB5 /* MoreList.swift in Sources */ = {isa = PBXBuildFile; fileRef = EFBFFC132303452E0068FBB5 /* MoreList.swift */; };
		EFBFFC1623036DC80068FBB5 /* SettingsGrid.swift in Sources */ = {isa = PBXBuildFile; fileRef = EFBFFC1523036DC80068FBB5 /* SettingsGrid.swift */; };
		EFBFFC1B2304303F0068FBB5 /* Freinds.swift in Sources */ = {isa = PBXBuildFile; fileRef = EFBFFC1A2304303F0068FBB5 /* Freinds.swift */; };
		EFBFFC1D230439370068FBB5 /* ForMoreClasses.swift in Sources */ = {isa = PBXBuildFile; fileRef = EFBFFC1C230439370068FBB5 /* ForMoreClasses.swift */; };
		EFD584762312D8DE002C15F0 /* Assets.xcassets in Resources */ = {isa = PBXBuildFile; fileRef = EFD584752312D8DE002C15F0 /* Assets.xcassets */; };
		EFE5D911230863920094AF70 /* FreindsTableVC.swift in Sources */ = {isa = PBXBuildFile; fileRef = EFE5D910230863920094AF70 /* FreindsTableVC.swift */; };
		EFF8936E22FCECC700458BAD /* AppDelegate.swift in Sources */ = {isa = PBXBuildFile; fileRef = EFF8936D22FCECC700458BAD /* AppDelegate.swift */; };
		EFF8937022FCECC700458BAD /* ViewController.swift in Sources */ = {isa = PBXBuildFile; fileRef = EFF8936F22FCECC700458BAD /* ViewController.swift */; };
		EFF8937322FCECC700458BAD /* Main.storyboard in Resources */ = {isa = PBXBuildFile; fileRef = EFF8937122FCECC700458BAD /* Main.storyboard */; };
/* End PBXBuildFile section */

/* Begin PBXFileReference section */
		EF44F1B52308AF7400EE00CC /* Cell.swift */ = {isa = PBXFileReference; lastKnownFileType = sourcecode.swift; path = Cell.swift; sourceTree = "<group>"; };
		EF4787E82312E59100307E3F /* FreindCell.swift */ = {isa = PBXFileReference; lastKnownFileType = sourcecode.swift; path = FreindCell.swift; sourceTree = "<group>"; };
		EF4787E92312E59100307E3F /* FreindCell.xib */ = {isa = PBXFileReference; lastKnownFileType = file.xib; path = FreindCell.xib; sourceTree = "<group>"; };
		EF7E12D72309C3EC0038F549 /* AddedFreindsTabelVC.swift */ = {isa = PBXFileReference; lastKnownFileType = sourcecode.swift; path = AddedFreindsTabelVC.swift; sourceTree = "<group>"; };
		EF7E12D92309C4050038F549 /* AddedCell.swift */ = {isa = PBXFileReference; lastKnownFileType = sourcecode.swift; path = AddedCell.swift; sourceTree = "<group>"; };
		EF834CC42304BFC100FBC3AA /* Model.swift */ = {isa = PBXFileReference; lastKnownFileType = sourcecode.swift; path = Model.swift; sourceTree = "<group>"; };
		EF834CC82305877000FBC3AA /* CollectionViewControllerFromMoreVC.swift */ = {isa = PBXFileReference; lastKnownFileType = sourcecode.swift; path = CollectionViewControllerFromMoreVC.swift; sourceTree = "<group>"; };
		EF87568E23074F7500187B23 /* SettingsCollectionVC.swift */ = {isa = PBXFileReference; lastKnownFileType = sourcecode.swift; path = SettingsCollectionVC.swift; sourceTree = "<group>"; };
		EF875693230763A900187B23 /* SettingsCell.swift */ = {isa = PBXFileReference; lastKnownFileType = sourcecode.swift; path = SettingsCell.swift; sourceTree = "<group>"; };
		EFA6C87023061B9000768E64 /* BackgroundGradient.swift */ = {isa = PBXFileReference; lastKnownFileType = sourcecode.swift; path = BackgroundGradient.swift; sourceTree = "<group>"; };
		EFB31892230AA62B001F2464 /* Account.swift */ = {isa = PBXFileReference; lastKnownFileType = sourcecode.swift; path = Account.swift; sourceTree = "<group>"; };
		EFBFFC132303452E0068FBB5 /* MoreList.swift */ = {isa = PBXFileReference; fileEncoding = 4; lastKnownFileType = sourcecode.swift; path = MoreList.swift; sourceTree = "<group>"; };
		EFBFFC1523036DC80068FBB5 /* SettingsGrid.swift */ = {isa = PBXFileReference; lastKnownFileType = sourcecode.swift; path = SettingsGrid.swift; sourceTree = "<group>"; };
		EFBFFC1A2304303F0068FBB5 /* Freinds.swift */ = {isa = PBXFileReference; lastKnownFileType = sourcecode.swift; path = Freinds.swift; sourceTree = "<group>"; };
		EFBFFC1C230439370068FBB5 /* ForMoreClasses.swift */ = {isa = PBXFileReference; lastKnownFileType = sourcecode.swift; path = ForMoreClasses.swift; sourceTree = "<group>"; };
		EFD584752312D8DE002C15F0 /* Assets.xcassets */ = {isa = PBXFileReference; lastKnownFileType = folder.assetcatalog; path = Assets.xcassets; sourceTree = "<group>"; };
		EFE5D910230863920094AF70 /* FreindsTableVC.swift */ = {isa = PBXFileReference; lastKnownFileType = sourcecode.swift; path = FreindsTableVC.swift; sourceTree = "<group>"; };
		EFF8936A22FCECC700458BAD /* HW1.app */ = {isa = PBXFileReference; explicitFileType = wrapper.application; includeInIndex = 0; path = HW1.app; sourceTree = BUILT_PRODUCTS_DIR; };
		EFF8936D22FCECC700458BAD /* AppDelegate.swift */ = {isa = PBXFileReference; lastKnownFileType = sourcecode.swift; path = AppDelegate.swift; sourceTree = "<group>"; };
		EFF8936F22FCECC700458BAD /* ViewController.swift */ = {isa = PBXFileReference; lastKnownFileType = sourcecode.swift; path = ViewController.swift; sourceTree = "<group>"; };
		EFF8937222FCECC700458BAD /* Base */ = {isa = PBXFileReference; lastKnownFileType = file.storyboard; name = Base; path = Base.lproj/Main.storyboard; sourceTree = "<group>"; };
		EFF8937922FCECC800458BAD /* Info.plist */ = {isa = PBXFileReference; lastKnownFileType = text.plist.xml; path = Info.plist; sourceTree = "<group>"; };
/* End PBXFileReference section */

/* Begin PBXFrameworksBuildPhase section */
		EFF8936722FCECC700458BAD /* Frameworks */ = {
			isa = PBXFrameworksBuildPhase;
			buildActionMask = 2147483647;
			files = (
			);
			runOnlyForDeploymentPostprocessing = 0;
		};
/* End PBXFrameworksBuildPhase section */

/* Begin PBXGroup section */
		EF13E9932313560C00AD79FC /* ViewC */ = {
			isa = PBXGroup;
			children = (
				EFBFFC1C230439370068FBB5 /* ForMoreClasses.swift */,
				EFF8936F22FCECC700458BAD /* ViewController.swift */,
			);
			path = ViewC;
			sourceTree = "<group>";
		};
		EF4787E72312E53D00307E3F /* Cells */ = {
			isa = PBXGroup;
			children = (
				EF4787E82312E59100307E3F /* FreindCell.swift */,
				EF4787E92312E59100307E3F /* FreindCell.xib */,
			);
			path = Cells;
			sourceTree = "<group>";
		};
		EF834CC32304BFA700FBC3AA /* Model */ = {
			isa = PBXGroup;
			children = (
				EF834CC42304BFC100FBC3AA /* Model.swift */,
				EFB31892230AA62B001F2464 /* Account.swift */,
			);
			path = Model;
			sourceTree = "<group>";
		};
		EF87568923074BD400187B23 /* Views */ = {
			isa = PBXGroup;
			children = (
				EFA6C87023061B9000768E64 /* BackgroundGradient.swift */,
			);
			path = Views;
			sourceTree = "<group>";
		};
		EF87568A23074C3F00187B23 /* Controllers */ = {
			isa = PBXGroup;
			children = (
				EF13E9932313560C00AD79FC /* ViewC */,
				EF87568D23074CB400187B23 /* Tabbles */,
				EF87568B23074C8D00187B23 /* CollectionsVC */,
			);
			path = Controllers;
			sourceTree = "<group>";
		};
		EF87568B23074C8D00187B23 /* CollectionsVC */ = {
			isa = PBXGroup;
			children = (
				EF875691230760C500187B23 /* SettingsVC */,
			);
			path = CollectionsVC;
			sourceTree = "<group>";
		};
		EF87568D23074CB400187B23 /* Tabbles */ = {
			isa = PBXGroup;
			children = (
				EFBFFC132303452E0068FBB5 /* MoreList.swift */,
				EF4787E72312E53D00307E3F /* Cells */,
				EFE5D912230863A80094AF70 /* Freinds */,
			);
			path = Tabbles;
			sourceTree = "<group>";
		};
		EF875690230760A200187B23 /* SettingsCollectionVC */ = {
			isa = PBXGroup;
			children = (
				EF87568E23074F7500187B23 /* SettingsCollectionVC.swift */,
				EF875693230763A900187B23 /* SettingsCell.swift */,
			);
			path = SettingsCollectionVC;
			sourceTree = "<group>";
		};
		EF875691230760C500187B23 /* SettingsVC */ = {
			isa = PBXGroup;
			children = (
				EFBFFC1523036DC80068FBB5 /* SettingsGrid.swift */,
				EF8756922307625B00187B23 /* MoreVC */,
				EF875690230760A200187B23 /* SettingsCollectionVC */,
			);
			path = SettingsVC;
			sourceTree = "<group>";
		};
		EF8756922307625B00187B23 /* MoreVC */ = {
			isa = PBXGroup;
			children = (
				EF834CC82305877000FBC3AA /* CollectionViewControllerFromMoreVC.swift */,
			);
			path = MoreVC;
			sourceTree = "<group>";
		};
		EFBFFC19230430020068FBB5 /* ClassesForShowSegue */ = {
			isa = PBXGroup;
			children = (
				EFBFFC1A2304303F0068FBB5 /* Freinds.swift */,
			);
			path = ClassesForShowSegue;
			sourceTree = "<group>";
		};
		EFE5D912230863A80094AF70 /* Freinds */ = {
			isa = PBXGroup;
			children = (
				EFE5D910230863920094AF70 /* FreindsTableVC.swift */,
				EF44F1B52308AF7400EE00CC /* Cell.swift */,
				EF7E12D72309C3EC0038F549 /* AddedFreindsTabelVC.swift */,
				EF7E12D92309C4050038F549 /* AddedCell.swift */,
			);
			path = Freinds;
			sourceTree = "<group>";
		};
		EFF8936122FCECC700458BAD = {
			isa = PBXGroup;
			children = (
				EFD584752312D8DE002C15F0 /* Assets.xcassets */,
				EFF8936C22FCECC700458BAD /* HW1 */,
				EFF8936B22FCECC700458BAD /* Products */,
			);
			sourceTree = "<group>";
		};
		EFF8936B22FCECC700458BAD /* Products */ = {
			isa = PBXGroup;
			children = (
				EFF8936A22FCECC700458BAD /* HW1.app */,
			);
			name = Products;
			sourceTree = "<group>";
		};
		EFF8936C22FCECC700458BAD /* HW1 */ = {
			isa = PBXGroup;
			children = (
				EFF8936D22FCECC700458BAD /* AppDelegate.swift */,
				EF87568A23074C3F00187B23 /* Controllers */,
				EF87568923074BD400187B23 /* Views */,
				EF834CC32304BFA700FBC3AA /* Model */,
				EFBFFC19230430020068FBB5 /* ClassesForShowSegue */,
				EFF8937122FCECC700458BAD /* Main.storyboard */,
				EFF8937922FCECC800458BAD /* Info.plist */,
			);
			path = HW1;
			sourceTree = "<group>";
		};
/* End PBXGroup section */

/* Begin PBXNativeTarget section */
		EFF8936922FCECC700458BAD /* HW1 */ = {
			isa = PBXNativeTarget;
			buildConfigurationList = EFF8937C22FCECC800458BAD /* Build configuration list for PBXNativeTarget "HW1" */;
			buildPhases = (
				EFF8936622FCECC700458BAD /* Sources */,
				EFF8936722FCECC700458BAD /* Frameworks */,
				EFF8936822FCECC700458BAD /* Resources */,
			);
			buildRules = (
			);
			dependencies = (
			);
			name = HW1;
			productName = HW1;
			productReference = EFF8936A22FCECC700458BAD /* HW1.app */;
			productType = "com.apple.product-type.application";
		};
/* End PBXNativeTarget section */

/* Begin PBXProject section */
		EFF8936222FCECC700458BAD /* Project object */ = {
			isa = PBXProject;
			attributes = {
				LastSwiftUpdateCheck = 1030;
				LastUpgradeCheck = 1030;
				ORGANIZATIONNAME = "Kirill Titov";
				TargetAttributes = {
					EFF8936922FCECC700458BAD = {
						CreatedOnToolsVersion = 10.3;
					};
				};
			};
			buildConfigurationList = EFF8936522FCECC700458BAD /* Build configuration list for PBXProject "HW1" */;
			compatibilityVersion = "Xcode 9.3";
			developmentRegion = en;
			hasScannedForEncodings = 0;
			knownRegions = (
				en,
				Base,
			);
			mainGroup = EFF8936122FCECC700458BAD;
			productRefGroup = EFF8936B22FCECC700458BAD /* Products */;
			projectDirPath = "";
			projectRoot = "";
			targets = (
				EFF8936922FCECC700458BAD /* HW1 */,
			);
		};
/* End PBXProject section */

/* Begin PBXResourcesBuildPhase section */
		EFF8936822FCECC700458BAD /* Resources */ = {
			isa = PBXResourcesBuildPhase;
			buildActionMask = 2147483647;
			files = (
				EFD584762312D8DE002C15F0 /* Assets.xcassets in Resources */,
				EFF8937322FCECC700458BAD /* Main.storyboard in Resources */,
				EF4787EB2312E59100307E3F /* FreindCell.xib in Resources */,
			);
			runOnlyForDeploymentPostprocessing = 0;
		};
/* End PBXResourcesBuildPhase section */

/* Begin PBXSourcesBuildPhase section */
		EFF8936622FCECC700458BAD /* Sources */ = {
			isa = PBXSourcesBuildPhase;
			buildActionMask = 2147483647;
			files = (
				EFBFFC1623036DC80068FBB5 /* SettingsGrid.swift in Sources */,
				EFF8937022FCECC700458BAD /* ViewController.swift in Sources */,
				EFBFFC142303452E0068FBB5 /* MoreList.swift in Sources */,
				EF7E12DA2309C4050038F549 /* AddedCell.swift in Sources */,
				EFE5D911230863920094AF70 /* FreindsTableVC.swift in Sources */,
				EFB31893230AA62B001F2464 /* Account.swift in Sources */,
				EFF8936E22FCECC700458BAD /* AppDelegate.swift in Sources */,
				EF44F1B62308AF7400EE00CC /* Cell.swift in Sources */,
				EF87568F23074F7500187B23 /* SettingsCollectionVC.swift in Sources */,
				EF834CC92305877000FBC3AA /* CollectionViewControllerFromMoreVC.swift in Sources */,
				EF4787EA2312E59100307E3F /* FreindCell.swift in Sources */,
				EFBFFC1D230439370068FBB5 /* ForMoreClasses.swift in Sources */,
				EFBFFC1B2304303F0068FBB5 /* Freinds.swift in Sources */,
				EF7E12D82309C3EC0038F549 /* AddedFreindsTabelVC.swift in Sources */,
				EF834CC52304BFC100FBC3AA /* Model.swift in Sources */,
				EFA6C87123061B9000768E64 /* BackgroundGradient.swift in Sources */,
				EF875694230763A900187B23 /* SettingsCell.swift in Sources */,
			);
			runOnlyForDeploymentPostprocessing = 0;
		};
/* End PBXSourcesBuildPhase section */

/* Begin PBXVariantGroup section */
		EFF8937122FCECC700458BAD /* Main.storyboard */ = {
			isa = PBXVariantGroup;
			children = (
				EFF8937222FCECC700458BAD /* Base */,
			);
			name = Main.storyboard;
			sourceTree = "<group>";
		};
/* End PBXVariantGroup section */

/* Begin XCBuildConfiguration section */
		EFF8937A22FCECC800458BAD /* Debug */ = {
			isa = XCBuildConfiguration;
			buildSettings = {
				ALWAYS_SEARCH_USER_PATHS = NO;
				CLANG_ANALYZER_NONNULL = YES;
				CLANG_ANALYZER_NUMBER_OBJECT_CONVERSION = YES_AGGRESSIVE;
				CLANG_CXX_LANGUAGE_STANDARD = "gnu++14";
				CLANG_CXX_LIBRARY = "libc++";
				CLANG_ENABLE_MODULES = YES;
				CLANG_ENABLE_OBJC_ARC = YES;
				CLANG_ENABLE_OBJC_WEAK = YES;
				CLANG_WARN_BLOCK_CAPTURE_AUTORELEASING = YES;
				CLANG_WARN_BOOL_CONVERSION = YES;
				CLANG_WARN_COMMA = YES;
				CLANG_WARN_CONSTANT_CONVERSION = YES;
				CLANG_WARN_DEPRECATED_OBJC_IMPLEMENTATIONS = YES;
				CLANG_WARN_DIRECT_OBJC_ISA_USAGE = YES_ERROR;
				CLANG_WARN_DOCUMENTATION_COMMENTS = YES;
				CLANG_WARN_EMPTY_BODY = YES;
				CLANG_WARN_ENUM_CONVERSION = YES;
				CLANG_WARN_INFINITE_RECURSION = YES;
				CLANG_WARN_INT_CONVERSION = YES;
				CLANG_WARN_NON_LITERAL_NULL_CONVERSION = YES;
				CLANG_WARN_OBJC_IMPLICIT_RETAIN_SELF = YES;
				CLANG_WARN_OBJC_LITERAL_CONVERSION = YES;
				CLANG_WARN_OBJC_ROOT_CLASS = YES_ERROR;
				CLANG_WARN_RANGE_LOOP_ANALYSIS = YES;
				CLANG_WARN_STRICT_PROTOTYPES = YES;
				CLANG_WARN_SUSPICIOUS_MOVE = YES;
				CLANG_WARN_UNGUARDED_AVAILABILITY = YES_AGGRESSIVE;
				CLANG_WARN_UNREACHABLE_CODE = YES;
				CLANG_WARN__DUPLICATE_METHOD_MATCH = YES;
				CODE_SIGN_IDENTITY = "iPhone Developer";
				COPY_PHASE_STRIP = NO;
				DEBUG_INFORMATION_FORMAT = dwarf;
				ENABLE_STRICT_OBJC_MSGSEND = YES;
				ENABLE_TESTABILITY = YES;
				GCC_C_LANGUAGE_STANDARD = gnu11;
				GCC_DYNAMIC_NO_PIC = NO;
				GCC_NO_COMMON_BLOCKS = YES;
				GCC_OPTIMIZATION_LEVEL = 0;
				GCC_PREPROCESSOR_DEFINITIONS = (
					"DEBUG=1",
					"$(inherited)",
				);
				GCC_WARN_64_TO_32_BIT_CONVERSION = YES;
				GCC_WARN_ABOUT_RETURN_TYPE = YES_ERROR;
				GCC_WARN_UNDECLARED_SELECTOR = YES;
				GCC_WARN_UNINITIALIZED_AUTOS = YES_AGGRESSIVE;
				GCC_WARN_UNUSED_FUNCTION = YES;
				GCC_WARN_UNUSED_VARIABLE = YES;
				IPHONEOS_DEPLOYMENT_TARGET = 12.4;
				MTL_ENABLE_DEBUG_INFO = INCLUDE_SOURCE;
				MTL_FAST_MATH = YES;
				ONLY_ACTIVE_ARCH = YES;
				SDKROOT = iphoneos;
				SWIFT_ACTIVE_COMPILATION_CONDITIONS = DEBUG;
				SWIFT_OPTIMIZATION_LEVEL = "-Onone";
			};
			name = Debug;
		};
		EFF8937B22FCECC800458BAD /* Release */ = {
			isa = XCBuildConfiguration;
			buildSettings = {
				ALWAYS_SEARCH_USER_PATHS = NO;
				CLANG_ANALYZER_NONNULL = YES;
				CLANG_ANALYZER_NUMBER_OBJECT_CONVERSION = YES_AGGRESSIVE;
				CLANG_CXX_LANGUAGE_STANDARD = "gnu++14";
				CLANG_CXX_LIBRARY = "libc++";
				CLANG_ENABLE_MODULES = YES;
				CLANG_ENABLE_OBJC_ARC = YES;
				CLANG_ENABLE_OBJC_WEAK = YES;
				CLANG_WARN_BLOCK_CAPTURE_AUTORELEASING = YES;
				CLANG_WARN_BOOL_CONVERSION = YES;
				CLANG_WARN_COMMA = YES;
				CLANG_WARN_CONSTANT_CONVERSION = YES;
				CLANG_WARN_DEPRECATED_OBJC_IMPLEMENTATIONS = YES;
				CLANG_WARN_DIRECT_OBJC_ISA_USAGE = YES_ERROR;
				CLANG_WARN_DOCUMENTATION_COMMENTS = YES;
				CLANG_WARN_EMPTY_BODY = YES;
				CLANG_WARN_ENUM_CONVERSION = YES;
				CLANG_WARN_INFINITE_RECURSION = YES;
				CLANG_WARN_INT_CONVERSION = YES;
				CLANG_WARN_NON_LITERAL_NULL_CONVERSION = YES;
				CLANG_WARN_OBJC_IMPLICIT_RETAIN_SELF = YES;
				CLANG_WARN_OBJC_LITERAL_CONVERSION = YES;
				CLANG_WARN_OBJC_ROOT_CLASS = YES_ERROR;
				CLANG_WARN_RANGE_LOOP_ANALYSIS = YES;
				CLANG_WARN_STRICT_PROTOTYPES = YES;
				CLANG_WARN_SUSPICIOUS_MOVE = YES;
				CLANG_WARN_UNGUARDED_AVAILABILITY = YES_AGGRESSIVE;
				CLANG_WARN_UNREACHABLE_CODE = YES;
				CLANG_WARN__DUPLICATE_METHOD_MATCH = YES;
				CODE_SIGN_IDENTITY = "iPhone Developer";
				COPY_PHASE_STRIP = NO;
				DEBUG_INFORMATION_FORMAT = "dwarf-with-dsym";
				ENABLE_NS_ASSERTIONS = NO;
				ENABLE_STRICT_OBJC_MSGSEND = YES;
				GCC_C_LANGUAGE_STANDARD = gnu11;
				GCC_NO_COMMON_BLOCKS = YES;
				GCC_WARN_64_TO_32_BIT_CONVERSION = YES;
				GCC_WARN_ABOUT_RETURN_TYPE = YES_ERROR;
				GCC_WARN_UNDECLARED_SELECTOR = YES;
				GCC_WARN_UNINITIALIZED_AUTOS = YES_AGGRESSIVE;
				GCC_WARN_UNUSED_FUNCTION = YES;
				GCC_WARN_UNUSED_VARIABLE = YES;
				IPHONEOS_DEPLOYMENT_TARGET = 12.4;
				MTL_ENABLE_DEBUG_INFO = NO;
				MTL_FAST_MATH = YES;
				SDKROOT = iphoneos;
				SWIFT_COMPILATION_MODE = wholemodule;
				SWIFT_OPTIMIZATION_LEVEL = "-O";
				VALIDATE_PRODUCT = YES;
			};
			name = Release;
		};
		EFF8937D22FCECC800458BAD /* Debug */ = {
			isa = XCBuildConfiguration;
			buildSettings = {
				ASSETCATALOG_COMPILER_APPICON_NAME = AppIcon;
				CODE_SIGN_STYLE = Automatic;
				DEVELOPMENT_TEAM = 9396A9KSNU;
				INFOPLIST_FILE = HW1/Info.plist;
				LD_RUNPATH_SEARCH_PATHS = (
					"$(inherited)",
					"@executable_path/Frameworks",
				);
				PRODUCT_BUNDLE_IDENTIFIER = "-none-.HW1";
				PRODUCT_NAME = "$(TARGET_NAME)";
				SWIFT_VERSION = 5.0;
				TARGETED_DEVICE_FAMILY = "1,2";
			};
			name = Debug;
		};
		EFF8937E22FCECC800458BAD /* Release */ = {
			isa = XCBuildConfiguration;
			buildSettings = {
				ASSETCATALOG_COMPILER_APPICON_NAME = AppIcon;
				CODE_SIGN_STYLE = Automatic;
				DEVELOPMENT_TEAM = 9396A9KSNU;
				INFOPLIST_FILE = HW1/Info.plist;
				LD_RUNPATH_SEARCH_PATHS = (
					"$(inherited)",
					"@executable_path/Frameworks",
				);
				PRODUCT_BUNDLE_IDENTIFIER = "-none-.HW1";
				PRODUCT_NAME = "$(TARGET_NAME)";
				SWIFT_VERSION = 5.0;
				TARGETED_DEVICE_FAMILY = "1,2";
			};
			name = Release;
		};
/* End XCBuildConfiguration section */

/* Begin XCConfigurationList section */
		EFF8936522FCECC700458BAD /* Build configuration list for PBXProject "HW1" */ = {
			isa = XCConfigurationList;
			buildConfigurations = (
				EFF8937A22FCECC800458BAD /* Debug */,
				EFF8937B22FCECC800458BAD /* Release */,
			);
			defaultConfigurationIsVisible = 0;
			defaultConfigurationName = Release;
		};
		EFF8937C22FCECC800458BAD /* Build configuration list for PBXNativeTarget "HW1" */ = {
			isa = XCConfigurationList;
			buildConfigurations = (
				EFF8937D22FCECC800458BAD /* Debug */,
				EFF8937E22FCECC800458BAD /* Release */,
			);
			defaultConfigurationIsVisible = 0;
			defaultConfigurationName = Release;
		};
/* End XCConfigurationList section */
	};
	rootObject = EFF8936222FCECC700458BAD /* Project object */;
}
