// !$*UTF8*$!
{
	archiveVersion = 1;
	classes = {
	};
	objectVersion = 50;
	objects = {

/* Begin PBXBuildFile section */
		3B701D79667C9F1041E4D946 /* Pods_HW1.framework in Frameworks */ = {isa = PBXBuildFile; fileRef = 375392D4F1088C9C48326E1E /* Pods_HW1.framework */; };
		EF0D3C6C2337D965006F7F78 /* ViewController2.swift in Sources */ = {isa = PBXBuildFile; fileRef = EF0D3C6B2337D965006F7F78 /* ViewController2.swift */; };
		EF0D3C6E2337E4D1006F7F78 /* WebKit.framework in Frameworks */ = {isa = PBXBuildFile; fileRef = EF0D3C6D2337E4D1006F7F78 /* WebKit.framework */; };
		EF14378F232F6F2900B7F80F /* NewsVC+UIVollectionViewDataSource.swift in Sources */ = {isa = PBXBuildFile; fileRef = EF14378E232F6F2900B7F80F /* NewsVC+UIVollectionViewDataSource.swift */; };
		EF143792232F774B00B7F80F /* NewsVC+UITableViewDataSource.swift in Sources */ = {isa = PBXBuildFile; fileRef = EF143791232F774B00B7F80F /* NewsVC+UITableViewDataSource.swift */; };
		EF143796232F7C0800B7F80F /* TableViewCell.swift in Sources */ = {isa = PBXBuildFile; fileRef = EF143794232F7C0800B7F80F /* TableViewCell.swift */; };
		EF143797232F7C0800B7F80F /* TableViewCell.xib in Resources */ = {isa = PBXBuildFile; fileRef = EF143795232F7C0800B7F80F /* TableViewCell.xib */; };
		EF26BCE12364B23C00D7F9E4 /* DownloadData.swift in Sources */ = {isa = PBXBuildFile; fileRef = EF26BCE02364B23C00D7F9E4 /* DownloadData.swift */; };
		EF2C23C7232E55EA00A51922 /* Session.swift in Sources */ = {isa = PBXBuildFile; fileRef = EF2C23C6232E55EA00A51922 /* Session.swift */; };
		EF44F1B62308AF7400EE00CC /* Cell.swift in Sources */ = {isa = PBXBuildFile; fileRef = EF44F1B52308AF7400EE00CC /* Cell.swift */; };
		EF4787EA2312E59100307E3F /* FreindCell.swift in Sources */ = {isa = PBXBuildFile; fileRef = EF4787E82312E59100307E3F /* FreindCell.swift */; };
		EF4787EB2312E59100307E3F /* FreindCell.xib in Resources */ = {isa = PBXBuildFile; fileRef = EF4787E92312E59100307E3F /* FreindCell.xib */; };
		EF5FF3A82319922500549DA7 /* TopNewsCell.swift in Sources */ = {isa = PBXBuildFile; fileRef = EF5FF3A62319922500549DA7 /* TopNewsCell.swift */; };
		EF5FF3A92319922500549DA7 /* TopNewsCell.xib in Resources */ = {isa = PBXBuildFile; fileRef = EF5FF3A72319922500549DA7 /* TopNewsCell.xib */; };
		EF7E12D82309C3EC0038F549 /* AddedFreindsTabelVC.swift in Sources */ = {isa = PBXBuildFile; fileRef = EF7E12D72309C3EC0038F549 /* AddedFreindsTabelVC.swift */; };
		EF7E12DA2309C4050038F549 /* AddedCell.swift in Sources */ = {isa = PBXBuildFile; fileRef = EF7E12D92309C4050038F549 /* AddedCell.swift */; };
		EF834CC52304BFC100FBC3AA /* Model.swift in Sources */ = {isa = PBXBuildFile; fileRef = EF834CC42304BFC100FBC3AA /* Model.swift */; };
		EF834CC92305877000FBC3AA /* CollectionViewControllerFromMoreVC.swift in Sources */ = {isa = PBXBuildFile; fileRef = EF834CC82305877000FBC3AA /* CollectionViewControllerFromMoreVC.swift */; };
		EF87568F23074F7500187B23 /* SettingsCollectionVC.swift in Sources */ = {isa = PBXBuildFile; fileRef = EF87568E23074F7500187B23 /* SettingsCollectionVC.swift */; };
		EF875694230763A900187B23 /* SettingsCell.swift in Sources */ = {isa = PBXBuildFile; fileRef = EF875693230763A900187B23 /* SettingsCell.swift */; };
		EFA0BE39239184AA00DA12EC /* FriendData+CoreDataClass.swift in Sources */ = {isa = PBXBuildFile; fileRef = EFA0BE35239184AA00DA12EC /* FriendData+CoreDataClass.swift */; };
		EFA0BE3A239184AA00DA12EC /* FriendData+CoreDataProperties.swift in Sources */ = {isa = PBXBuildFile; fileRef = EFA0BE36239184AA00DA12EC /* FriendData+CoreDataProperties.swift */; };
		EFA0BE3B239184AA00DA12EC /* UserData+CoreDataClass.swift in Sources */ = {isa = PBXBuildFile; fileRef = EFA0BE37239184AA00DA12EC /* UserData+CoreDataClass.swift */; };
		EFA0BE3C239184AA00DA12EC /* UserData+CoreDataProperties.swift in Sources */ = {isa = PBXBuildFile; fileRef = EFA0BE38239184AA00DA12EC /* UserData+CoreDataProperties.swift */; };
		EFA2C4EC2314ACBF009CC6D7 /* Functions.swift in Sources */ = {isa = PBXBuildFile; fileRef = EFA2C4EB2314ACBF009CC6D7 /* Functions.swift */; };
		EFA69FA7233FDA7D00BF1313 /* FriendItem.xcdatamodeld in Sources */ = {isa = PBXBuildFile; fileRef = EFA69FA5233FDA7D00BF1313 /* FriendItem.xcdatamodeld */; };
		EFA6C87123061B9000768E64 /* BackgroundGradient.swift in Sources */ = {isa = PBXBuildFile; fileRef = EFA6C87023061B9000768E64 /* BackgroundGradient.swift */; };
		EFB0C0C9233915D100585E99 /* User.swift in Sources */ = {isa = PBXBuildFile; fileRef = EFB0C0C8233915D100585E99 /* User.swift */; };
		EFB0C0CB2339177700585E99 /* Photo.swift in Sources */ = {isa = PBXBuildFile; fileRef = EFB0C0CA2339177700585E99 /* Photo.swift */; };
		EFB0C0CD2339293300585E99 /* Group.swift in Sources */ = {isa = PBXBuildFile; fileRef = EFB0C0CC2339293300585E99 /* Group.swift */; };
		EFB31893230AA62B001F2464 /* Account.swift in Sources */ = {isa = PBXBuildFile; fileRef = EFB31892230AA62B001F2464 /* Account.swift */; };
		EFBA1DA92326A54000A85620 /* NewsVC.swift in Sources */ = {isa = PBXBuildFile; fileRef = EFBA1DA82326A54000A85620 /* NewsVC.swift */; };
		EFBFFC142303452E0068FBB5 /* MoreList.swift in Sources */ = {isa = PBXBuildFile; fileRef = EFBFFC132303452E0068FBB5 /* MoreList.swift */; };
		EFBFFC1623036DC80068FBB5 /* SettingsGrid.swift in Sources */ = {isa = PBXBuildFile; fileRef = EFBFFC1523036DC80068FBB5 /* SettingsGrid.swift */; };
		EFBFFC1B2304303F0068FBB5 /* Freinds.swift in Sources */ = {isa = PBXBuildFile; fileRef = EFBFFC1A2304303F0068FBB5 /* Freinds.swift */; };
		EFBFFC1D230439370068FBB5 /* ForMoreClasses.swift in Sources */ = {isa = PBXBuildFile; fileRef = EFBFFC1C230439370068FBB5 /* ForMoreClasses.swift */; };
		EFD584762312D8DE002C15F0 /* Assets.xcassets in Resources */ = {isa = PBXBuildFile; fileRef = EFD584752312D8DE002C15F0 /* Assets.xcassets */; };
		EFDCD08B233CD46000EFEAE4 /* TabBarController.swift in Sources */ = {isa = PBXBuildFile; fileRef = EFDCD08A233CD46000EFEAE4 /* TabBarController.swift */; };
		EFE284C323414CD1002736EE /* FriendRealm.swift in Sources */ = {isa = PBXBuildFile; fileRef = EFE284C223414CD1002736EE /* FriendRealm.swift */; };
		EFE284C523414E9D002736EE /* UserRealm.swift in Sources */ = {isa = PBXBuildFile; fileRef = EFE284C423414E9D002736EE /* UserRealm.swift */; };
		EFE5D911230863920094AF70 /* FreindsTableVC.swift in Sources */ = {isa = PBXBuildFile; fileRef = EFE5D910230863920094AF70 /* FreindsTableVC.swift */; };
		EFF8936E22FCECC700458BAD /* AppDelegate.swift in Sources */ = {isa = PBXBuildFile; fileRef = EFF8936D22FCECC700458BAD /* AppDelegate.swift */; };
		EFF8937022FCECC700458BAD /* ViewController.swift in Sources */ = {isa = PBXBuildFile; fileRef = EFF8936F22FCECC700458BAD /* ViewController.swift */; };
		EFF8937322FCECC700458BAD /* Main.storyboard in Resources */ = {isa = PBXBuildFile; fileRef = EFF8937122FCECC700458BAD /* Main.storyboard */; };
/* End PBXBuildFile section */

/* Begin PBXFileReference section */
		04FB21CB84335AC7D05516D4 /* Pods-HW1.debug.xcconfig */ = {isa = PBXFileReference; includeInIndex = 1; lastKnownFileType = text.xcconfig; name = "Pods-HW1.debug.xcconfig"; path = "Pods/Target Support Files/Pods-HW1/Pods-HW1.debug.xcconfig"; sourceTree = "<group>"; };
		375392D4F1088C9C48326E1E /* Pods_HW1.framework */ = {isa = PBXFileReference; explicitFileType = wrapper.framework; includeInIndex = 0; path = Pods_HW1.framework; sourceTree = BUILT_PRODUCTS_DIR; };
		BDD67B0C7E238E03CF02C5D8 /* Pods-HW1.release.xcconfig */ = {isa = PBXFileReference; includeInIndex = 1; lastKnownFileType = text.xcconfig; name = "Pods-HW1.release.xcconfig"; path = "Pods/Target Support Files/Pods-HW1/Pods-HW1.release.xcconfig"; sourceTree = "<group>"; };
		EF0D3C6B2337D965006F7F78 /* ViewController2.swift */ = {isa = PBXFileReference; lastKnownFileType = sourcecode.swift; path = ViewController2.swift; sourceTree = "<group>"; wrapsLines = 1; };
		EF0D3C6D2337E4D1006F7F78 /* WebKit.framework */ = {isa = PBXFileReference; lastKnownFileType = wrapper.framework; name = WebKit.framework; path = System/Library/Frameworks/WebKit.framework; sourceTree = SDKROOT; };
		EF14378E232F6F2900B7F80F /* NewsVC+UIVollectionViewDataSource.swift */ = {isa = PBXFileReference; lastKnownFileType = sourcecode.swift; path = "NewsVC+UIVollectionViewDataSource.swift"; sourceTree = "<group>"; };
		EF143791232F774B00B7F80F /* NewsVC+UITableViewDataSource.swift */ = {isa = PBXFileReference; lastKnownFileType = sourcecode.swift; path = "NewsVC+UITableViewDataSource.swift"; sourceTree = "<group>"; };
		EF143794232F7C0800B7F80F /* TableViewCell.swift */ = {isa = PBXFileReference; lastKnownFileType = sourcecode.swift; path = TableViewCell.swift; sourceTree = "<group>"; };
		EF143795232F7C0800B7F80F /* TableViewCell.xib */ = {isa = PBXFileReference; lastKnownFileType = file.xib; path = TableViewCell.xib; sourceTree = "<group>"; };
		EF26BCE02364B23C00D7F9E4 /* DownloadData.swift */ = {isa = PBXFileReference; lastKnownFileType = sourcecode.swift; path = DownloadData.swift; sourceTree = "<group>"; };
		EF2C23C6232E55EA00A51922 /* Session.swift */ = {isa = PBXFileReference; lastKnownFileType = sourcecode.swift; path = Session.swift; sourceTree = SOURCE_ROOT; };
		EF44F1B52308AF7400EE00CC /* Cell.swift */ = {isa = PBXFileReference; lastKnownFileType = sourcecode.swift; path = Cell.swift; sourceTree = "<group>"; };
		EF4787E82312E59100307E3F /* FreindCell.swift */ = {isa = PBXFileReference; lastKnownFileType = sourcecode.swift; path = FreindCell.swift; sourceTree = "<group>"; };
		EF4787E92312E59100307E3F /* FreindCell.xib */ = {isa = PBXFileReference; lastKnownFileType = file.xib; path = FreindCell.xib; sourceTree = "<group>"; };
		EF5FF3A62319922500549DA7 /* TopNewsCell.swift */ = {isa = PBXFileReference; lastKnownFileType = sourcecode.swift; path = TopNewsCell.swift; sourceTree = "<group>"; };
		EF5FF3A72319922500549DA7 /* TopNewsCell.xib */ = {isa = PBXFileReference; lastKnownFileType = file.xib; path = TopNewsCell.xib; sourceTree = "<group>"; };
		EF7E12D72309C3EC0038F549 /* AddedFreindsTabelVC.swift */ = {isa = PBXFileReference; lastKnownFileType = sourcecode.swift; path = AddedFreindsTabelVC.swift; sourceTree = "<group>"; };
		EF7E12D92309C4050038F549 /* AddedCell.swift */ = {isa = PBXFileReference; lastKnownFileType = sourcecode.swift; path = AddedCell.swift; sourceTree = "<group>"; };
		EF834CC42304BFC100FBC3AA /* Model.swift */ = {isa = PBXFileReference; lastKnownFileType = sourcecode.swift; path = Model.swift; sourceTree = "<group>"; };
		EF834CC82305877000FBC3AA /* CollectionViewControllerFromMoreVC.swift */ = {isa = PBXFileReference; lastKnownFileType = sourcecode.swift; path = CollectionViewControllerFromMoreVC.swift; sourceTree = "<group>"; };
		EF87568E23074F7500187B23 /* SettingsCollectionVC.swift */ = {isa = PBXFileReference; lastKnownFileType = sourcecode.swift; path = SettingsCollectionVC.swift; sourceTree = "<group>"; };
		EF875693230763A900187B23 /* SettingsCell.swift */ = {isa = PBXFileReference; lastKnownFileType = sourcecode.swift; path = SettingsCell.swift; sourceTree = "<group>"; };
		EFA0BE35239184AA00DA12EC /* FriendData+CoreDataClass.swift */ = {isa = PBXFileReference; lastKnownFileType = sourcecode.swift; path = "FriendData+CoreDataClass.swift"; sourceTree = "<group>"; };
		EFA0BE36239184AA00DA12EC /* FriendData+CoreDataProperties.swift */ = {isa = PBXFileReference; lastKnownFileType = sourcecode.swift; path = "FriendData+CoreDataProperties.swift"; sourceTree = "<group>"; };
		EFA0BE37239184AA00DA12EC /* UserData+CoreDataClass.swift */ = {isa = PBXFileReference; lastKnownFileType = sourcecode.swift; path = "UserData+CoreDataClass.swift"; sourceTree = "<group>"; };
		EFA0BE38239184AA00DA12EC /* UserData+CoreDataProperties.swift */ = {isa = PBXFileReference; lastKnownFileType = sourcecode.swift; path = "UserData+CoreDataProperties.swift"; sourceTree = "<group>"; };
		EFA2C4EB2314ACBF009CC6D7 /* Functions.swift */ = {isa = PBXFileReference; lastKnownFileType = sourcecode.swift; path = Functions.swift; sourceTree = "<group>"; };
		EFA69FA6233FDA7D00BF1313 /* FriendItem.xcdatamodel */ = {isa = PBXFileReference; lastKnownFileType = wrapper.xcdatamodel; path = FriendItem.xcdatamodel; sourceTree = "<group>"; };
		EFA6C87023061B9000768E64 /* BackgroundGradient.swift */ = {isa = PBXFileReference; lastKnownFileType = sourcecode.swift; path = BackgroundGradient.swift; sourceTree = "<group>"; };
		EFB0C0C8233915D100585E99 /* User.swift */ = {isa = PBXFileReference; lastKnownFileType = sourcecode.swift; path = User.swift; sourceTree = "<group>"; };
		EFB0C0CA2339177700585E99 /* Photo.swift */ = {isa = PBXFileReference; lastKnownFileType = sourcecode.swift; path = Photo.swift; sourceTree = "<group>"; };
		EFB0C0CC2339293300585E99 /* Group.swift */ = {isa = PBXFileReference; lastKnownFileType = sourcecode.swift; path = Group.swift; sourceTree = "<group>"; };
		EFB31892230AA62B001F2464 /* Account.swift */ = {isa = PBXFileReference; lastKnownFileType = sourcecode.swift; path = Account.swift; sourceTree = "<group>"; };
		EFBA1DA82326A54000A85620 /* NewsVC.swift */ = {isa = PBXFileReference; lastKnownFileType = sourcecode.swift; path = NewsVC.swift; sourceTree = "<group>"; };
		EFBFFC132303452E0068FBB5 /* MoreList.swift */ = {isa = PBXFileReference; fileEncoding = 4; lastKnownFileType = sourcecode.swift; path = MoreList.swift; sourceTree = "<group>"; };
		EFBFFC1523036DC80068FBB5 /* SettingsGrid.swift */ = {isa = PBXFileReference; lastKnownFileType = sourcecode.swift; path = SettingsGrid.swift; sourceTree = "<group>"; };
		EFBFFC1A2304303F0068FBB5 /* Freinds.swift */ = {isa = PBXFileReference; lastKnownFileType = sourcecode.swift; path = Freinds.swift; sourceTree = "<group>"; };
		EFBFFC1C230439370068FBB5 /* ForMoreClasses.swift */ = {isa = PBXFileReference; lastKnownFileType = sourcecode.swift; path = ForMoreClasses.swift; sourceTree = "<group>"; };
		EFD584752312D8DE002C15F0 /* Assets.xcassets */ = {isa = PBXFileReference; lastKnownFileType = folder.assetcatalog; path = Assets.xcassets; sourceTree = "<group>"; };
		EFDCD08A233CD46000EFEAE4 /* TabBarController.swift */ = {isa = PBXFileReference; lastKnownFileType = sourcecode.swift; name = TabBarController.swift; path = HW1/Controllers/TabBarController.swift; sourceTree = SOURCE_ROOT; };
		EFE284C223414CD1002736EE /* FriendRealm.swift */ = {isa = PBXFileReference; lastKnownFileType = sourcecode.swift; path = FriendRealm.swift; sourceTree = "<group>"; };
		EFE284C423414E9D002736EE /* UserRealm.swift */ = {isa = PBXFileReference; lastKnownFileType = sourcecode.swift; path = UserRealm.swift; sourceTree = "<group>"; };
		EFE5D910230863920094AF70 /* FreindsTableVC.swift */ = {isa = PBXFileReference; lastKnownFileType = sourcecode.swift; path = FreindsTableVC.swift; sourceTree = "<group>"; };
		EFF8936A22FCECC700458BAD /* HW1.app */ = {isa = PBXFileReference; explicitFileType = wrapper.application; includeInIndex = 0; path = HW1.app; sourceTree = BUILT_PRODUCTS_DIR; };
		EFF8936D22FCECC700458BAD /* AppDelegate.swift */ = {isa = PBXFileReference; lastKnownFileType = sourcecode.swift; path = AppDelegate.swift; sourceTree = "<group>"; };
		EFF8936F22FCECC700458BAD /* ViewController.swift */ = {isa = PBXFileReference; lastKnownFileType = sourcecode.swift; path = ViewController.swift; sourceTree = "<group>"; };
		EFF8937222FCECC700458BAD /* Base */ = {isa = PBXFileReference; lastKnownFileType = file.storyboard; name = Base; path = Base.lproj/Main.storyboard; sourceTree = "<group>"; };
		EFF8937922FCECC800458BAD /* Info.plist */ = {isa = PBXFileReference; lastKnownFileType = text.plist.xml; path = Info.plist; sourceTree = "<group>"; };
/* End PBXFileReference section */

/* Begin PBXFrameworksBuildPhase section */
		EFF8936722FCECC700458BAD /* Frameworks */ = {
			isa = PBXFrameworksBuildPhase;
			buildActionMask = 2147483647;
			files = (
				EF0D3C6E2337E4D1006F7F78 /* WebKit.framework in Frameworks */,
				3B701D79667C9F1041E4D946 /* Pods_HW1.framework in Frameworks */,
			);
			runOnlyForDeploymentPostprocessing = 0;
		};
/* End PBXFrameworksBuildPhase section */

/* Begin PBXGroup section */
		88DAC8636B9C2A8215D17A5E /* Frameworks */ = {
			isa = PBXGroup;
			children = (
				EF0D3C6D2337E4D1006F7F78 /* WebKit.framework */,
				375392D4F1088C9C48326E1E /* Pods_HW1.framework */,
			);
			name = Frameworks;
			sourceTree = "<group>";
		};
		D794E8EC0D2B441515A9A752 /* Pods */ = {
			isa = PBXGroup;
			children = (
				04FB21CB84335AC7D05516D4 /* Pods-HW1.debug.xcconfig */,
				BDD67B0C7E238E03CF02C5D8 /* Pods-HW1.release.xcconfig */,
			);
			name = Pods;
			sourceTree = "<group>";
		};
		EF1035CE233FD9A700363846 /* DataModels */ = {
			isa = PBXGroup;
			children = (
				EFA69FA5233FDA7D00BF1313 /* FriendItem.xcdatamodeld */,
			);
			path = DataModels;
			sourceTree = "<group>";
		};
		EF13E9932313560C00AD79FC /* ViewC */ = {
			isa = PBXGroup;
			children = (
				EFBFFC1C230439370068FBB5 /* ForMoreClasses.swift */,
				EFF8936F22FCECC700458BAD /* ViewController.swift */,
				EF0D3C6B2337D965006F7F78 /* ViewController2.swift */,
			);
			path = ViewC;
			sourceTree = "<group>";
		};
		EF143790232F6F5500B7F80F /* Collcection */ = {
			isa = PBXGroup;
			children = (
				EF14378E232F6F2900B7F80F /* NewsVC+UIVollectionViewDataSource.swift */,
				EF5FF3A62319922500549DA7 /* TopNewsCell.swift */,
				EF5FF3A72319922500549DA7 /* TopNewsCell.xib */,
			);
			path = Collcection;
			sourceTree = "<group>";
		};
		EF143793232F778A00B7F80F /* Table */ = {
			isa = PBXGroup;
			children = (
				EF143791232F774B00B7F80F /* NewsVC+UITableViewDataSource.swift */,
				EF143794232F7C0800B7F80F /* TableViewCell.swift */,
				EF143795232F7C0800B7F80F /* TableViewCell.xib */,
			);
			path = Table;
			sourceTree = "<group>";
		};
		EF4787E72312E53D00307E3F /* Cells */ = {
			isa = PBXGroup;
			children = (
				EF4787E82312E59100307E3F /* FreindCell.swift */,
				EF4787E92312E59100307E3F /* FreindCell.xib */,
			);
			path = Cells;
			sourceTree = "<group>";
		};
		EF5FF3A5231991B800549DA7 /* NewsVC */ = {
			isa = PBXGroup;
			children = (
				EFBA1DA82326A54000A85620 /* NewsVC.swift */,
				EF143790232F6F5500B7F80F /* Collcection */,
				EF143793232F778A00B7F80F /* Table */,
			);
			path = NewsVC;
			sourceTree = "<group>";
		};
		EF834CC32304BFA700FBC3AA /* Model */ = {
			isa = PBXGroup;
			children = (
				EF834CC42304BFC100FBC3AA /* Model.swift */,
				EFB31892230AA62B001F2464 /* Account.swift */,
			);
			path = Model;
			sourceTree = "<group>";
		};
		EF87568923074BD400187B23 /* Views */ = {
			isa = PBXGroup;
			children = (
				EFA6C87023061B9000768E64 /* BackgroundGradient.swift */,
			);
			path = Views;
			sourceTree = "<group>";
		};
		EF87568A23074C3F00187B23 /* Controllers */ = {
			isa = PBXGroup;
			children = (
				EF13E9932313560C00AD79FC /* ViewC */,
				EF87568D23074CB400187B23 /* Tabbles */,
				EF87568B23074C8D00187B23 /* CollectionsVC */,
				EFDCD08C233CD46B00EFEAE4 /* TabBar */,
			);
			path = Controllers;
			sourceTree = "<group>";
		};
		EF87568B23074C8D00187B23 /* CollectionsVC */ = {
			isa = PBXGroup;
			children = (
				EF875691230760C500187B23 /* SettingsVC */,
			);
			path = CollectionsVC;
			sourceTree = "<group>";
		};
		EF87568D23074CB400187B23 /* Tabbles */ = {
			isa = PBXGroup;
			children = (
				EFBFFC132303452E0068FBB5 /* MoreList.swift */,
				EF5FF3A5231991B800549DA7 /* NewsVC */,
				EFE5D912230863A80094AF70 /* Freinds */,
			);
			path = Tabbles;
			sourceTree = "<group>";
		};
		EF875690230760A200187B23 /* SettingsCollectionVC */ = {
			isa = PBXGroup;
			children = (
				EF87568E23074F7500187B23 /* SettingsCollectionVC.swift */,
				EF875693230763A900187B23 /* SettingsCell.swift */,
			);
			path = SettingsCollectionVC;
			sourceTree = "<group>";
		};
		EF875691230760C500187B23 /* SettingsVC */ = {
			isa = PBXGroup;
			children = (
				EFBFFC1523036DC80068FBB5 /* SettingsGrid.swift */,
				EF8756922307625B00187B23 /* MoreVC */,
				EF875690230760A200187B23 /* SettingsCollectionVC */,
			);
			path = SettingsVC;
			sourceTree = "<group>";
		};
		EF8756922307625B00187B23 /* MoreVC */ = {
			isa = PBXGroup;
			children = (
				EF834CC82305877000FBC3AA /* CollectionViewControllerFromMoreVC.swift */,
			);
			path = MoreVC;
			sourceTree = "<group>";
		};
		EFA69FAD2340095C00BF1313 /* User_Freinds_ItemData */ = {
			isa = PBXGroup;
			children = (
				EFA0BE35239184AA00DA12EC /* FriendData+CoreDataClass.swift */,
				EFA0BE36239184AA00DA12EC /* FriendData+CoreDataProperties.swift */,
				EFA0BE37239184AA00DA12EC /* UserData+CoreDataClass.swift */,
				EFA0BE38239184AA00DA12EC /* UserData+CoreDataProperties.swift */,
			);
			path = User_Freinds_ItemData;
			sourceTree = "<group>";
		};
		EFBFFC19230430020068FBB5 /* ClassesForShowSegue */ = {
			isa = PBXGroup;
			children = (
				EFBFFC1A2304303F0068FBB5 /* Freinds.swift */,
			);
			path = ClassesForShowSegue;
			sourceTree = "<group>";
		};
		EFDCD08C233CD46B00EFEAE4 /* TabBar */ = {
			isa = PBXGroup;
			children = (
				EFDCD08A233CD46000EFEAE4 /* TabBarController.swift */,
			);
			path = TabBar;
			sourceTree = "<group>";
		};
		EFE5D912230863A80094AF70 /* Freinds */ = {
			isa = PBXGroup;
			children = (
				EF4787E72312E53D00307E3F /* Cells */,
				EFE5D910230863920094AF70 /* FreindsTableVC.swift */,
				EF44F1B52308AF7400EE00CC /* Cell.swift */,
				EF7E12D72309C3EC0038F549 /* AddedFreindsTabelVC.swift */,
				EF7E12D92309C4050038F549 /* AddedCell.swift */,
				EF26BCE02364B23C00D7F9E4 /* DownloadData.swift */,
			);
			path = Freinds;
			sourceTree = "<group>";
		};
		EFF8936122FCECC700458BAD = {
			isa = PBXGroup;
			children = (
				EFA2C4EB2314ACBF009CC6D7 /* Functions.swift */,
				EF2C23C6232E55EA00A51922 /* Session.swift */,
				EFB0C0CC2339293300585E99 /* Group.swift */,
				EFB0C0C8233915D100585E99 /* User.swift */,
				EFB0C0CA2339177700585E99 /* Photo.swift */,
				EFD584752312D8DE002C15F0 /* Assets.xcassets */,
				EFF8936C22FCECC700458BAD /* HW1 */,
				EFF8936B22FCECC700458BAD /* Products */,
				D794E8EC0D2B441515A9A752 /* Pods */,
				88DAC8636B9C2A8215D17A5E /* Frameworks */,
			);
			sourceTree = "<group>";
		};
		EFF8936B22FCECC700458BAD /* Products */ = {
			isa = PBXGroup;
			children = (
				EFF8936A22FCECC700458BAD /* HW1.app */,
			);
			name = Products;
			sourceTree = "<group>";
		};
		EFF8936C22FCECC700458BAD /* HW1 */ = {
			isa = PBXGroup;
			children = (
				EFE284C223414CD1002736EE /* FriendRealm.swift */,
				EFE284C423414E9D002736EE /* UserRealm.swift */,
				EFF8936D22FCECC700458BAD /* AppDelegate.swift */,
				EFA69FAD2340095C00BF1313 /* User_Freinds_ItemData */,
				EF1035CE233FD9A700363846 /* DataModels */,
				EF87568A23074C3F00187B23 /* Controllers */,
				EF87568923074BD400187B23 /* Views */,
				EF834CC32304BFA700FBC3AA /* Model */,
				EFBFFC19230430020068FBB5 /* ClassesForShowSegue */,
				EFF8937122FCECC700458BAD /* Main.storyboard */,
				EFF8937922FCECC800458BAD /* Info.plist */,
			);
			path = HW1;
			sourceTree = "<group>";
		};
/* End PBXGroup section */

/* Begin PBXNativeTarget section */
		EFF8936922FCECC700458BAD /* HW1 */ = {
			isa = PBXNativeTarget;
			buildConfigurationList = EFF8937C22FCECC800458BAD /* Build configuration list for PBXNativeTarget "HW1" */;
			buildPhases = (
				035D0B2555440A4B1838E8A3 /* [CP] Check Pods Manifest.lock */,
				EFF8936622FCECC700458BAD /* Sources */,
				EFF8936722FCECC700458BAD /* Frameworks */,
				EFF8936822FCECC700458BAD /* Resources */,
				8295274B20D098D3BD89D2F0 /* [CP] Embed Pods Frameworks */,
			);
			buildRules = (
			);
			dependencies = (
			);
			name = HW1;
			productName = HW1;
			productReference = EFF8936A22FCECC700458BAD /* HW1.app */;
			productType = "com.apple.product-type.application";
		};
/* End PBXNativeTarget section */

/* Begin PBXProject section */
		EFF8936222FCECC700458BAD /* Project object */ = {
			isa = PBXProject;
			attributes = {
				LastSwiftUpdateCheck = 1030;
				LastUpgradeCheck = 1030;
				ORGANIZATIONNAME = "Kirill Titov";
				TargetAttributes = {
					EFF8936922FCECC700458BAD = {
						CreatedOnToolsVersion = 10.3;
						LastSwiftMigration = 1030;
					};
				};
			};
			buildConfigurationList = EFF8936522FCECC700458BAD /* Build configuration list for PBXProject "HW1" */;
			compatibilityVersion = "Xcode 9.3";
			developmentRegion = en;
			hasScannedForEncodings = 0;
			knownRegions = (
				en,
				Base,
			);
			mainGroup = EFF8936122FCECC700458BAD;
			productRefGroup = EFF8936B22FCECC700458BAD /* Products */;
			projectDirPath = "";
			projectRoot = "";
			targets = (
				EFF8936922FCECC700458BAD /* HW1 */,
			);
		};
/* End PBXProject section */

/* Begin PBXResourcesBuildPhase section */
		EFF8936822FCECC700458BAD /* Resources */ = {
			isa = PBXResourcesBuildPhase;
			buildActionMask = 2147483647;
			files = (
				EF5FF3A92319922500549DA7 /* TopNewsCell.xib in Resources */,
				EF143797232F7C0800B7F80F /* TableViewCell.xib in Resources */,
				EFD584762312D8DE002C15F0 /* Assets.xcassets in Resources */,
				EFF8937322FCECC700458BAD /* Main.storyboard in Resources */,
				EF4787EB2312E59100307E3F /* FreindCell.xib in Resources */,
			);
			runOnlyForDeploymentPostprocessing = 0;
		};
/* End PBXResourcesBuildPhase section */

/* Begin PBXShellScriptBuildPhase section */
		035D0B2555440A4B1838E8A3 /* [CP] Check Pods Manifest.lock */ = {
			isa = PBXShellScriptBuildPhase;
			buildActionMask = 2147483647;
			files = (
			);
			inputPaths = (
				"${PODS_PODFILE_DIR_PATH}/Podfile.lock",
				"${PODS_ROOT}/Manifest.lock",
			);
			name = "[CP] Check Pods Manifest.lock";
			outputPaths = (
				"$(DERIVED_FILE_DIR)/Pods-HW1-checkManifestLockResult.txt",
			);
			runOnlyForDeploymentPostprocessing = 0;
			shellPath = /bin/sh;
			shellScript = "diff \"${PODS_PODFILE_DIR_PATH}/Podfile.lock\" \"${PODS_ROOT}/Manifest.lock\" > /dev/null\nif [ $? != 0 ] ; then\n    # print error to STDERR\n    echo \"error: The sandbox is not in sync with the Podfile.lock. Run 'pod install' or update your CocoaPods installation.\" >&2\n    exit 1\nfi\n# This output is used by Xcode 'outputs' to avoid re-running this script phase.\necho \"SUCCESS\" > \"${SCRIPT_OUTPUT_FILE_0}\"\n";
			showEnvVarsInLog = 0;
		};
		8295274B20D098D3BD89D2F0 /* [CP] Embed Pods Frameworks */ = {
			isa = PBXShellScriptBuildPhase;
			buildActionMask = 2147483647;
			files = (
			);
			inputPaths = (
				"${SRCROOT}/Pods/Target Support Files/Pods-HW1/Pods-HW1-frameworks.sh",
				"${BUILT_PRODUCTS_DIR}/Alamofire/Alamofire.framework",
				"${BUILT_PRODUCTS_DIR}/Realm/Realm.framework",
				"${BUILT_PRODUCTS_DIR}/RealmSwift/RealmSwift.framework",
			);
			name = "[CP] Embed Pods Frameworks";
			outputPaths = (
				"${TARGET_BUILD_DIR}/${FRAMEWORKS_FOLDER_PATH}/Alamofire.framework",
				"${TARGET_BUILD_DIR}/${FRAMEWORKS_FOLDER_PATH}/Realm.framework",
				"${TARGET_BUILD_DIR}/${FRAMEWORKS_FOLDER_PATH}/RealmSwift.framework",
			);
			runOnlyForDeploymentPostprocessing = 0;
			shellPath = /bin/sh;
			shellScript = "\"${SRCROOT}/Pods/Target Support Files/Pods-HW1/Pods-HW1-frameworks.sh\"\n";
			showEnvVarsInLog = 0;
		};
/* End PBXShellScriptBuildPhase section */

/* Begin PBXSourcesBuildPhase section */
		EFF8936622FCECC700458BAD /* Sources */ = {
			isa = PBXSourcesBuildPhase;
			buildActionMask = 2147483647;
			files = (
				EFB0C0C9233915D100585E99 /* User.swift in Sources */,
				EFBFFC1623036DC80068FBB5 /* SettingsGrid.swift in Sources */,
				EFF8937022FCECC700458BAD /* ViewController.swift in Sources */,
				EFB0C0CB2339177700585E99 /* Photo.swift in Sources */,
				EFBFFC142303452E0068FBB5 /* MoreList.swift in Sources */,
				EF7E12DA2309C4050038F549 /* AddedCell.swift in Sources */,
				EFE5D911230863920094AF70 /* FreindsTableVC.swift in Sources */,
				EFA0BE39239184AA00DA12EC /* FriendData+CoreDataClass.swift in Sources */,
				EFB0C0CD2339293300585E99 /* Group.swift in Sources */,
				EFB31893230AA62B001F2464 /* Account.swift in Sources */,
				EFF8936E22FCECC700458BAD /* AppDelegate.swift in Sources */,
				EF14378F232F6F2900B7F80F /* NewsVC+UIVollectionViewDataSource.swift in Sources */,
				EFA0BE3B239184AA00DA12EC /* UserData+CoreDataClass.swift in Sources */,
				EF44F1B62308AF7400EE00CC /* Cell.swift in Sources */,
				EFA69FA7233FDA7D00BF1313 /* FriendItem.xcdatamodeld in Sources */,
				EF143796232F7C0800B7F80F /* TableViewCell.swift in Sources */,
				EF87568F23074F7500187B23 /* SettingsCollectionVC.swift in Sources */,
				EF834CC92305877000FBC3AA /* CollectionViewControllerFromMoreVC.swift in Sources */,
				EFE284C323414CD1002736EE /* FriendRealm.swift in Sources */,
				EF5FF3A82319922500549DA7 /* TopNewsCell.swift in Sources */,
				EF26BCE12364B23C00D7F9E4 /* DownloadData.swift in Sources */,
				EF4787EA2312E59100307E3F /* FreindCell.swift in Sources */,
				EFA2C4EC2314ACBF009CC6D7 /* Functions.swift in Sources */,
				EFBFFC1D230439370068FBB5 /* ForMoreClasses.swift in Sources */,
				EFA0BE3A239184AA00DA12EC /* FriendData+CoreDataProperties.swift in Sources */,
				EFBFFC1B2304303F0068FBB5 /* Freinds.swift in Sources */,
				EF7E12D82309C3EC0038F549 /* AddedFreindsTabelVC.swift in Sources */,
				EFBA1DA92326A54000A85620 /* NewsVC.swift in Sources */,
				EF2C23C7232E55EA00A51922 /* Session.swift in Sources */,
				EFA0BE3C239184AA00DA12EC /* UserData+CoreDataProperties.swift in Sources */,
				EFDCD08B233CD46000EFEAE4 /* TabBarController.swift in Sources */,
				EF0D3C6C2337D965006F7F78 /* ViewController2.swift in Sources */,
				EFE284C523414E9D002736EE /* UserRealm.swift in Sources */,
				EF834CC52304BFC100FBC3AA /* Model.swift in Sources */,
				EF143792232F774B00B7F80F /* NewsVC+UITableViewDataSource.swift in Sources */,
				EFA6C87123061B9000768E64 /* BackgroundGradient.swift in Sources */,
				EF875694230763A900187B23 /* SettingsCell.swift in Sources */,
			);
			runOnlyForDeploymentPostprocessing = 0;
		};
/* End PBXSourcesBuildPhase section */

/* Begin PBXVariantGroup section */
		EFF8937122FCECC700458BAD /* Main.storyboard */ = {
			isa = PBXVariantGroup;
			children = (
				EFF8937222FCECC700458BAD /* Base */,
			);
			name = Main.storyboard;
			sourceTree = "<group>";
		};
/* End PBXVariantGroup section */

/* Begin XCBuildConfiguration section */
		EFF8937A22FCECC800458BAD /* Debug */ = {
			isa = XCBuildConfiguration;
			buildSettings = {
				ALWAYS_SEARCH_USER_PATHS = NO;
				CLANG_ANALYZER_NONNULL = YES;
				CLANG_ANALYZER_NUMBER_OBJECT_CONVERSION = YES_AGGRESSIVE;
				CLANG_CXX_LANGUAGE_STANDARD = "gnu++14";
				CLANG_CXX_LIBRARY = "libc++";
				CLANG_ENABLE_MODULES = YES;
				CLANG_ENABLE_OBJC_ARC = YES;
				CLANG_ENABLE_OBJC_WEAK = YES;
				CLANG_WARN_BLOCK_CAPTURE_AUTORELEASING = YES;
				CLANG_WARN_BOOL_CONVERSION = YES;
				CLANG_WARN_COMMA = YES;
				CLANG_WARN_CONSTANT_CONVERSION = YES;
				CLANG_WARN_DEPRECATED_OBJC_IMPLEMENTATIONS = YES;
				CLANG_WARN_DIRECT_OBJC_ISA_USAGE = YES_ERROR;
				CLANG_WARN_DOCUMENTATION_COMMENTS = YES;
				CLANG_WARN_EMPTY_BODY = YES;
				CLANG_WARN_ENUM_CONVERSION = YES;
				CLANG_WARN_INFINITE_RECURSION = YES;
				CLANG_WARN_INT_CONVERSION = YES;
				CLANG_WARN_NON_LITERAL_NULL_CONVERSION = YES;
				CLANG_WARN_OBJC_IMPLICIT_RETAIN_SELF = YES;
				CLANG_WARN_OBJC_LITERAL_CONVERSION = YES;
				CLANG_WARN_OBJC_ROOT_CLASS = YES_ERROR;
				CLANG_WARN_RANGE_LOOP_ANALYSIS = YES;
				CLANG_WARN_STRICT_PROTOTYPES = YES;
				CLANG_WARN_SUSPICIOUS_MOVE = YES;
				CLANG_WARN_UNGUARDED_AVAILABILITY = YES_AGGRESSIVE;
				CLANG_WARN_UNREACHABLE_CODE = YES;
				CLANG_WARN__DUPLICATE_METHOD_MATCH = YES;
				CODE_SIGN_IDENTITY = "iPhone Developer";
				COPY_PHASE_STRIP = NO;
				DEBUG_INFORMATION_FORMAT = dwarf;
				ENABLE_STRICT_OBJC_MSGSEND = YES;
				ENABLE_TESTABILITY = YES;
				GCC_C_LANGUAGE_STANDARD = gnu11;
				GCC_DYNAMIC_NO_PIC = NO;
				GCC_NO_COMMON_BLOCKS = YES;
				GCC_OPTIMIZATION_LEVEL = 0;
				GCC_PREPROCESSOR_DEFINITIONS = (
					"DEBUG=1",
					"$(inherited)",
				);
				GCC_WARN_64_TO_32_BIT_CONVERSION = YES;
				GCC_WARN_ABOUT_RETURN_TYPE = YES_ERROR;
				GCC_WARN_UNDECLARED_SELECTOR = YES;
				GCC_WARN_UNINITIALIZED_AUTOS = YES_AGGRESSIVE;
				GCC_WARN_UNUSED_FUNCTION = YES;
				GCC_WARN_UNUSED_VARIABLE = YES;
				IPHONEOS_DEPLOYMENT_TARGET = 12.4;
				MTL_ENABLE_DEBUG_INFO = INCLUDE_SOURCE;
				MTL_FAST_MATH = YES;
				ONLY_ACTIVE_ARCH = YES;
				SDKROOT = iphoneos;
				SWIFT_ACTIVE_COMPILATION_CONDITIONS = DEBUG;
				SWIFT_OPTIMIZATION_LEVEL = "-Onone";
			};
			name = Debug;
		};
		EFF8937B22FCECC800458BAD /* Release */ = {
			isa = XCBuildConfiguration;
			buildSettings = {
				ALWAYS_SEARCH_USER_PATHS = NO;
				CLANG_ANALYZER_NONNULL = YES;
				CLANG_ANALYZER_NUMBER_OBJECT_CONVERSION = YES_AGGRESSIVE;
				CLANG_CXX_LANGUAGE_STANDARD = "gnu++14";
				CLANG_CXX_LIBRARY = "libc++";
				CLANG_ENABLE_MODULES = YES;
				CLANG_ENABLE_OBJC_ARC = YES;
				CLANG_ENABLE_OBJC_WEAK = YES;
				CLANG_WARN_BLOCK_CAPTURE_AUTORELEASING = YES;
				CLANG_WARN_BOOL_CONVERSION = YES;
				CLANG_WARN_COMMA = YES;
				CLANG_WARN_CONSTANT_CONVERSION = YES;
				CLANG_WARN_DEPRECATED_OBJC_IMPLEMENTATIONS = YES;
				CLANG_WARN_DIRECT_OBJC_ISA_USAGE = YES_ERROR;
				CLANG_WARN_DOCUMENTATION_COMMENTS = YES;
				CLANG_WARN_EMPTY_BODY = YES;
				CLANG_WARN_ENUM_CONVERSION = YES;
				CLANG_WARN_INFINITE_RECURSION = YES;
				CLANG_WARN_INT_CONVERSION = YES;
				CLANG_WARN_NON_LITERAL_NULL_CONVERSION = YES;
				CLANG_WARN_OBJC_IMPLICIT_RETAIN_SELF = YES;
				CLANG_WARN_OBJC_LITERAL_CONVERSION = YES;
				CLANG_WARN_OBJC_ROOT_CLASS = YES_ERROR;
				CLANG_WARN_RANGE_LOOP_ANALYSIS = YES;
				CLANG_WARN_STRICT_PROTOTYPES = YES;
				CLANG_WARN_SUSPICIOUS_MOVE = YES;
				CLANG_WARN_UNGUARDED_AVAILABILITY = YES_AGGRESSIVE;
				CLANG_WARN_UNREACHABLE_CODE = YES;
				CLANG_WARN__DUPLICATE_METHOD_MATCH = YES;
				CODE_SIGN_IDENTITY = "iPhone Developer";
				COPY_PHASE_STRIP = NO;
				DEBUG_INFORMATION_FORMAT = "dwarf-with-dsym";
				ENABLE_NS_ASSERTIONS = NO;
				ENABLE_STRICT_OBJC_MSGSEND = YES;
				GCC_C_LANGUAGE_STANDARD = gnu11;
				GCC_NO_COMMON_BLOCKS = YES;
				GCC_WARN_64_TO_32_BIT_CONVERSION = YES;
				GCC_WARN_ABOUT_RETURN_TYPE = YES_ERROR;
				GCC_WARN_UNDECLARED_SELECTOR = YES;
				GCC_WARN_UNINITIALIZED_AUTOS = YES_AGGRESSIVE;
				GCC_WARN_UNUSED_FUNCTION = YES;
				GCC_WARN_UNUSED_VARIABLE = YES;
				IPHONEOS_DEPLOYMENT_TARGET = 12.4;
				MTL_ENABLE_DEBUG_INFO = NO;
				MTL_FAST_MATH = YES;
				SDKROOT = iphoneos;
				SWIFT_COMPILATION_MODE = wholemodule;
				SWIFT_OPTIMIZATION_LEVEL = "-O";
				VALIDATE_PRODUCT = YES;
			};
			name = Release;
		};
		EFF8937D22FCECC800458BAD /* Debug */ = {
			isa = XCBuildConfiguration;
			baseConfigurationReference = 04FB21CB84335AC7D05516D4 /* Pods-HW1.debug.xcconfig */;
			buildSettings = {
				ASSETCATALOG_COMPILER_APPICON_NAME = AppIcon;
				CLANG_ENABLE_MODULES = YES;
				CODE_SIGN_STYLE = Automatic;
				DEVELOPMENT_TEAM = 9396A9KSNU;
				INFOPLIST_FILE = HW1/Info.plist;
				LD_RUNPATH_SEARCH_PATHS = (
					"$(inherited)",
					"@executable_path/Frameworks",
				);
				PRODUCT_BUNDLE_IDENTIFIER = "-none-.HW1";
				PRODUCT_NAME = "$(TARGET_NAME)";
				SWIFT_INSTALL_OBJC_HEADER = YES;
				SWIFT_OBJC_BRIDGING_HEADER = "";
				SWIFT_OPTIMIZATION_LEVEL = "-Onone";
				SWIFT_VERSION = 5.0;
				TARGETED_DEVICE_FAMILY = "1,2";
			};
			name = Debug;
		};
		EFF8937E22FCECC800458BAD /* Release */ = {
			isa = XCBuildConfiguration;
			baseConfigurationReference = BDD67B0C7E238E03CF02C5D8 /* Pods-HW1.release.xcconfig */;
			buildSettings = {
				ASSETCATALOG_COMPILER_APPICON_NAME = AppIcon;
				CLANG_ENABLE_MODULES = YES;
				CODE_SIGN_STYLE = Automatic;
				DEVELOPMENT_TEAM = 9396A9KSNU;
				INFOPLIST_FILE = HW1/Info.plist;
				LD_RUNPATH_SEARCH_PATHS = (
					"$(inherited)",
					"@executable_path/Frameworks",
				);
				PRODUCT_BUNDLE_IDENTIFIER = "-none-.HW1";
				PRODUCT_NAME = "$(TARGET_NAME)";
				SWIFT_INSTALL_OBJC_HEADER = YES;
				SWIFT_OBJC_BRIDGING_HEADER = "";
				SWIFT_VERSION = 5.0;
				TARGETED_DEVICE_FAMILY = "1,2";
			};
			name = Release;
		};
/* End XCBuildConfiguration section */

/* Begin XCConfigurationList section */
		EFF8936522FCECC700458BAD /* Build configuration list for PBXProject "HW1" */ = {
			isa = XCConfigurationList;
			buildConfigurations = (
				EFF8937A22FCECC800458BAD /* Debug */,
				EFF8937B22FCECC800458BAD /* Release */,
			);
			defaultConfigurationIsVisible = 0;
			defaultConfigurationName = Release;
		};
		EFF8937C22FCECC800458BAD /* Build configuration list for PBXNativeTarget "HW1" */ = {
			isa = XCConfigurationList;
			buildConfigurations = (
				EFF8937D22FCECC800458BAD /* Debug */,
				EFF8937E22FCECC800458BAD /* Release */,
			);
			defaultConfigurationIsVisible = 0;
			defaultConfigurationName = Release;
		};
/* End XCConfigurationList section */

/* Begin XCVersionGroup section */
		EFA69FA5233FDA7D00BF1313 /* FriendItem.xcdatamodeld */ = {
			isa = XCVersionGroup;
			children = (
				EFA69FA6233FDA7D00BF1313 /* FriendItem.xcdatamodel */,
			);
			currentVersion = EFA69FA6233FDA7D00BF1313 /* FriendItem.xcdatamodel */;
			path = FriendItem.xcdatamodeld;
			sourceTree = "<group>";
			versionGroupType = wrapper.xcdatamodel;
		};
/* End XCVersionGroup section */
	};
	rootObject = EFF8936222FCECC700458BAD /* Project object */;
}
